
Microsoft Visual Studio Solution File, Format Version 12.00
# Visual Studio 15
VisualStudioVersion = 15.0.28307.438
MinimumVisualStudioVersion = 10.0.40219.1
Project("{E24C65DC-7377-472B-9ABA-BC803B73C61A}") = "edx-final", "edx-final\", "{EAD9666C-B8DA-4CF4-BB16-F7A4DF37B2AB}"
	ProjectSection(WebsiteProperties) = preProject
		TargetFrameworkMoniker = ".NETFramework,Version%3Dv4.6.1"
		Debug.AspNetCompiler.VirtualPath = "/localhost_55064"
		Debug.AspNetCompiler.PhysicalPath = "edx-final\"
		Debug.AspNetCompiler.TargetPath = "PrecompiledWeb\localhost_55064\"
		Debug.AspNetCompiler.Updateable = "true"
		Debug.AspNetCompiler.ForceOverwrite = "true"
		Debug.AspNetCompiler.FixedNames = "false"
		Debug.AspNetCompiler.Debug = "True"
		Release.AspNetCompiler.VirtualPath = "/localhost_55064"
		Release.AspNetCompiler.PhysicalPath = "edx-final\"
		Release.AspNetCompiler.TargetPath = "PrecompiledWeb\localhost_55064\"
		Release.AspNetCompiler.Updateable = "true"
		Release.AspNetCompiler.ForceOverwrite = "true"
		Release.AspNetCompiler.FixedNames = "false"
		Release.AspNetCompiler.Debug = "False"
		VWDPort = "55064"
		SlnRelativePath = "edx-final\"
		DefaultWebSiteLanguage = "Visual C#"
	EndProjectSection
EndProject
Global
	GlobalSection(SolutionConfigurationPlatforms) = preSolution
		Debug|Any CPU = Debug|Any CPU
	EndGlobalSection
	GlobalSection(ProjectConfigurationPlatforms) = postSolution
		{EAD9666C-B8DA-4CF4-BB16-F7A4DF37B2AB}.Debug|Any CPU.ActiveCfg = Debug|Any CPU
		{EAD9666C-B8DA-4CF4-BB16-F7A4DF37B2AB}.Debug|Any CPU.Build.0 = Debug|Any CPU
	EndGlobalSection
	GlobalSection(SolutionProperties) = preSolution
		HideSolutionNode = FALSE
	EndGlobalSection
	GlobalSection(ExtensibilityGlobals) = postSolution
		SolutionGuid = {ADB0FBFA-E360-4909-8BA7-7A90A9414FAE}
	EndGlobalSection
EndGlobal
